
Microsoft Visual Studio Solution File, Format Version 12.00
# Visual Studio Version 17
VisualStudioVersion = 17.4.33110.190
MinimumVisualStudioVersion = 10.0.40219.1
Project("{FAE04EC0-301F-11D3-BF4B-00C04F79EFBC}") = "Dapper.SQL", "Dapper.SQL.csproj", "{31E6B97A-6DE5-4967-8931-AED958A31B45}"
EndProject
Global
	GlobalSection(SolutionConfigurationPlatforms) = preSolution
		Debug|Any CPU = Debug|Any CPU
		Release|Any CPU = Release|Any CPU
	EndGlobalSection
	GlobalSection(ProjectConfigurationPlatforms) = postSolution
		{31E6B97A-6DE5-4967-8931-AED958A31B45}.Debug|Any CPU.ActiveCfg = Debug|Any CPU
		{31E6B97A-6DE5-4967-8931-AED958A31B45}.Debug|Any CPU.Build.0 = Debug|Any CPU
		{31E6B97A-6DE5-4967-8931-AED958A31B45}.Release|Any CPU.ActiveCfg = Release|Any CPU
		{31E6B97A-6DE5-4967-8931-AED958A31B45}.Release|Any CPU.Build.0 = Release|Any CPU
	EndGlobalSection
	GlobalSection(SolutionProperties) = preSolution
		HideSolutionNode = FALSE
	EndGlobalSection
	GlobalSection(ExtensibilityGlobals) = postSolution
		SolutionGuid = {E5C9C56E-FE34-4A38-A003-1DA1279879BD}
	EndGlobalSection
EndGlobal
